
Microsoft Visual Studio Solution File, Format Version 12.00
# Visual Studio Version 17
VisualStudioVersion = 17.2.32616.157
MinimumVisualStudioVersion = 10.0.40219.1
Project("{FAE04EC0-301F-11D3-BF4B-00C04F79EFBC}") = "ESUVO", "ESUVO\ESUVO.csproj", "{37157E27-C24D-4CB0-BF4A-6F4EA99FB595}"
EndProject
Global
	GlobalSection(SolutionConfigurationPlatforms) = preSolution
		Debug|Any CPU = Debug|Any CPU
		Release|Any CPU = Release|Any CPU
	EndGlobalSection
	GlobalSection(ProjectConfigurationPlatforms) = postSolution
		{37157E27-C24D-4CB0-BF4A-6F4EA99FB595}.Debug|Any CPU.ActiveCfg = Debug|Any CPU
		{37157E27-C24D-4CB0-BF4A-6F4EA99FB595}.Debug|Any CPU.Build.0 = Debug|Any CPU
		{37157E27-C24D-4CB0-BF4A-6F4EA99FB595}.Release|Any CPU.ActiveCfg = Release|Any CPU
		{37157E27-C24D-4CB0-BF4A-6F4EA99FB595}.Release|Any CPU.Build.0 = Release|Any CPU
	EndGlobalSection
	GlobalSection(SolutionProperties) = preSolution
		HideSolutionNode = FALSE
	EndGlobalSection
	GlobalSection(ExtensibilityGlobals) = postSolution
		SolutionGuid = {59C7BA3B-4C86-412B-BF58-E56ED4E60C2B}
	EndGlobalSection
EndGlobal
